
Microsoft Visual Studio Solution File, Format Version 12.00
# Visual Studio 15
VisualStudioVersion = 15.0.28307.1433
MinimumVisualStudioVersion = 10.0.40219.1
Project("{FAE04EC0-301F-11D3-BF4B-00C04F79EFBC}") = "window_calculator", "window_calculator\window_calculator.csproj", "{021CE3B0-6918-43E7-9978-1DE1A93E097B}"
EndProject
Global
	GlobalSection(SolutionConfigurationPlatforms) = preSolution
		Debug|Any CPU = Debug|Any CPU
		Release|Any CPU = Release|Any CPU
	EndGlobalSection
	GlobalSection(ProjectConfigurationPlatforms) = postSolution
		{021CE3B0-6918-43E7-9978-1DE1A93E097B}.Debug|Any CPU.ActiveCfg = Debug|Any CPU
		{021CE3B0-6918-43E7-9978-1DE1A93E097B}.Debug|Any CPU.Build.0 = Debug|Any CPU
		{021CE3B0-6918-43E7-9978-1DE1A93E097B}.Release|Any CPU.ActiveCfg = Release|Any CPU
		{021CE3B0-6918-43E7-9978-1DE1A93E097B}.Release|Any CPU.Build.0 = Release|Any CPU
	EndGlobalSection
	GlobalSection(SolutionProperties) = preSolution
		HideSolutionNode = FALSE
	EndGlobalSection
	GlobalSection(ExtensibilityGlobals) = postSolution
		SolutionGuid = {6CFECADA-19CE-4285-85F1-994FB67E9567}
	EndGlobalSection
EndGlobal
